
Microsoft Visual Studio Solution File, Format Version 12.00
# Visual Studio 15
VisualStudioVersion = 15.0.26430.16
MinimumVisualStudioVersion = 10.0.40219.1
Project("{9A19103F-16F7-4668-BE54-9A1E7A4F7556}") = "VideoMenuUI", "VideoMenu\VideoMenuUI.csproj", "{37114B60-4086-4EA3-B41E-97577EA793D0}"
EndProject
Project("{FAE04EC0-301F-11D3-BF4B-00C04F79EFBC}") = "VideoMenuBLL", "VideoMenuBLL\VideoMenuBLL.csproj", "{3CFDF9CE-9DBE-4ED6-A464-CDFCA5EDBB15}"
EndProject
Project("{FAE04EC0-301F-11D3-BF4B-00C04F79EFBC}") = "VideoMenuDAL", "VideoMenuDAL\VideoMenuDAL.csproj", "{E13C91A4-E78B-4E98-849F-B1C0CAB19F5B}"
EndProject
Project("{FAE04EC0-301F-11D3-BF4B-00C04F79EFBC}") = "VideoMenuEntity", "VideoMenuEntity\VideoMenuEntity.csproj", "{B69F2CD1-6580-4B86-806A-1474CED2E9A0}"
EndProject
Global
	GlobalSection(SolutionConfigurationPlatforms) = preSolution
		Debug|Any CPU = Debug|Any CPU
		Release|Any CPU = Release|Any CPU
	EndGlobalSection
	GlobalSection(ProjectConfigurationPlatforms) = postSolution
		{37114B60-4086-4EA3-B41E-97577EA793D0}.Debug|Any CPU.ActiveCfg = Debug|Any CPU
		{37114B60-4086-4EA3-B41E-97577EA793D0}.Debug|Any CPU.Build.0 = Debug|Any CPU
		{37114B60-4086-4EA3-B41E-97577EA793D0}.Release|Any CPU.ActiveCfg = Release|Any CPU
		{37114B60-4086-4EA3-B41E-97577EA793D0}.Release|Any CPU.Build.0 = Release|Any CPU
		{3CFDF9CE-9DBE-4ED6-A464-CDFCA5EDBB15}.Debug|Any CPU.ActiveCfg = Debug|Any CPU
		{3CFDF9CE-9DBE-4ED6-A464-CDFCA5EDBB15}.Debug|Any CPU.Build.0 = Debug|Any CPU
		{3CFDF9CE-9DBE-4ED6-A464-CDFCA5EDBB15}.Release|Any CPU.ActiveCfg = Release|Any CPU
		{3CFDF9CE-9DBE-4ED6-A464-CDFCA5EDBB15}.Release|Any CPU.Build.0 = Release|Any CPU
		{E13C91A4-E78B-4E98-849F-B1C0CAB19F5B}.Debug|Any CPU.ActiveCfg = Debug|Any CPU
		{E13C91A4-E78B-4E98-849F-B1C0CAB19F5B}.Debug|Any CPU.Build.0 = Debug|Any CPU
		{E13C91A4-E78B-4E98-849F-B1C0CAB19F5B}.Release|Any CPU.ActiveCfg = Release|Any CPU
		{E13C91A4-E78B-4E98-849F-B1C0CAB19F5B}.Release|Any CPU.Build.0 = Release|Any CPU
		{B69F2CD1-6580-4B86-806A-1474CED2E9A0}.Debug|Any CPU.ActiveCfg = Debug|Any CPU
		{B69F2CD1-6580-4B86-806A-1474CED2E9A0}.Debug|Any CPU.Build.0 = Debug|Any CPU
		{B69F2CD1-6580-4B86-806A-1474CED2E9A0}.Release|Any CPU.ActiveCfg = Release|Any CPU
		{B69F2CD1-6580-4B86-806A-1474CED2E9A0}.Release|Any CPU.Build.0 = Release|Any CPU
	EndGlobalSection
	GlobalSection(SolutionProperties) = preSolution
		HideSolutionNode = FALSE
	EndGlobalSection
EndGlobal
